
Microsoft Visual Studio Solution File, Format Version 12.00
# Visual Studio 15
VisualStudioVersion = 15.0.28307.421
MinimumVisualStudioVersion = 10.0.40219.1
Project("{F184B08F-C81C-45F6-A57F-5ABD9991F28F}") = "Actividad Fase 1", "Actividad Fase 1\Actividad Fase 1.vbproj", "{B2895E14-2E09-4FF4-A504-F8CB11D6B65C}"
EndProject
Global
	GlobalSection(SolutionConfigurationPlatforms) = preSolution
		Debug|Any CPU = Debug|Any CPU
		Release|Any CPU = Release|Any CPU
	EndGlobalSection
	GlobalSection(ProjectConfigurationPlatforms) = postSolution
		{B2895E14-2E09-4FF4-A504-F8CB11D6B65C}.Debug|Any CPU.ActiveCfg = Debug|Any CPU
		{B2895E14-2E09-4FF4-A504-F8CB11D6B65C}.Debug|Any CPU.Build.0 = Debug|Any CPU
		{B2895E14-2E09-4FF4-A504-F8CB11D6B65C}.Release|Any CPU.ActiveCfg = Release|Any CPU
		{B2895E14-2E09-4FF4-A504-F8CB11D6B65C}.Release|Any CPU.Build.0 = Release|Any CPU
	EndGlobalSection
	GlobalSection(SolutionProperties) = preSolution
		HideSolutionNode = FALSE
	EndGlobalSection
	GlobalSection(ExtensibilityGlobals) = postSolution
		SolutionGuid = {44F5C346-2C41-4AFF-BBB3-DFF6F0C5019E}
	EndGlobalSection
EndGlobal
